
Microsoft Visual Studio Solution File, Format Version 12.00
# Visual Studio Version 16
VisualStudioVersion = 16.0.33130.400
MinimumVisualStudioVersion = 10.0.40219.1
Project("{FAE04EC0-301F-11D3-BF4B-00C04F79EFBC}") = "notepad_kbj20221228", "notepad_kbj20221228.csproj", "{8E17CC13-D890-4FAE-9338-AD4E3FBD5364}"
EndProject
Global
	GlobalSection(SolutionConfigurationPlatforms) = preSolution
		Debug|Any CPU = Debug|Any CPU
		Release|Any CPU = Release|Any CPU
	EndGlobalSection
	GlobalSection(ProjectConfigurationPlatforms) = postSolution
		{8E17CC13-D890-4FAE-9338-AD4E3FBD5364}.Debug|Any CPU.ActiveCfg = Debug|Any CPU
		{8E17CC13-D890-4FAE-9338-AD4E3FBD5364}.Debug|Any CPU.Build.0 = Debug|Any CPU
		{8E17CC13-D890-4FAE-9338-AD4E3FBD5364}.Release|Any CPU.ActiveCfg = Release|Any CPU
		{8E17CC13-D890-4FAE-9338-AD4E3FBD5364}.Release|Any CPU.Build.0 = Release|Any CPU
	EndGlobalSection
	GlobalSection(SolutionProperties) = preSolution
		HideSolutionNode = FALSE
	EndGlobalSection
	GlobalSection(ExtensibilityGlobals) = postSolution
		SolutionGuid = {DD81864B-BE7A-4DB2-A748-92E10C64B306}
	EndGlobalSection
EndGlobal
